
Microsoft Visual Studio Solution File, Format Version 12.00
# Visual Studio Version 16
VisualStudioVersion = 16.0.30907.101
MinimumVisualStudioVersion = 10.0.40219.1
Project("{FAE04EC0-301F-11D3-BF4B-00C04F79EFBC}") = "Assignment4", "Assignment4.csproj", "{2462B334-FAF6-4483-9FD9-550923C1D9DC}"
EndProject
Global
	GlobalSection(SolutionConfigurationPlatforms) = preSolution
		Debug|Any CPU = Debug|Any CPU
		Release|Any CPU = Release|Any CPU
	EndGlobalSection
	GlobalSection(ProjectConfigurationPlatforms) = postSolution
		{2462B334-FAF6-4483-9FD9-550923C1D9DC}.Debug|Any CPU.ActiveCfg = Debug|Any CPU
		{2462B334-FAF6-4483-9FD9-550923C1D9DC}.Debug|Any CPU.Build.0 = Debug|Any CPU
		{2462B334-FAF6-4483-9FD9-550923C1D9DC}.Release|Any CPU.ActiveCfg = Release|Any CPU
		{2462B334-FAF6-4483-9FD9-550923C1D9DC}.Release|Any CPU.Build.0 = Release|Any CPU
	EndGlobalSection
	GlobalSection(SolutionProperties) = preSolution
		HideSolutionNode = FALSE
	EndGlobalSection
	GlobalSection(ExtensibilityGlobals) = postSolution
		SolutionGuid = {D8A10A2C-4415-4DA3-B4E0-D85F49821FCA}
	EndGlobalSection
EndGlobal
