
Microsoft Visual Studio Solution File, Format Version 12.00
# Visual Studio Version 16
VisualStudioVersion = 16.0.30907.101
MinimumVisualStudioVersion = 10.0.40219.1
Project("{8BC9CEB8-8B4A-11D0-8D11-00A0C91BC942}") = "OOP_Week6", "OOP_Week6.vcxproj", "{B62DF992-0DBD-415E-8181-988F49D315A2}"
EndProject
Global
	GlobalSection(SolutionConfigurationPlatforms) = preSolution
		Debug|x64 = Debug|x64
		Debug|x86 = Debug|x86
		Release|x64 = Release|x64
		Release|x86 = Release|x86
	EndGlobalSection
	GlobalSection(ProjectConfigurationPlatforms) = postSolution
		{B62DF992-0DBD-415E-8181-988F49D315A2}.Debug|x64.ActiveCfg = Debug|x64
		{B62DF992-0DBD-415E-8181-988F49D315A2}.Debug|x64.Build.0 = Debug|x64
		{B62DF992-0DBD-415E-8181-988F49D315A2}.Debug|x86.ActiveCfg = Debug|Win32
		{B62DF992-0DBD-415E-8181-988F49D315A2}.Debug|x86.Build.0 = Debug|Win32
		{B62DF992-0DBD-415E-8181-988F49D315A2}.Release|x64.ActiveCfg = Release|x64
		{B62DF992-0DBD-415E-8181-988F49D315A2}.Release|x64.Build.0 = Release|x64
		{B62DF992-0DBD-415E-8181-988F49D315A2}.Release|x86.ActiveCfg = Release|Win32
		{B62DF992-0DBD-415E-8181-988F49D315A2}.Release|x86.Build.0 = Release|Win32
	EndGlobalSection
	GlobalSection(SolutionProperties) = preSolution
		HideSolutionNode = FALSE
	EndGlobalSection
	GlobalSection(ExtensibilityGlobals) = postSolution
		SolutionGuid = {9C7FE254-6D08-4170-BF4E-EFFF45C33767}
	EndGlobalSection
EndGlobal
